// !$*UTF8*$!
{
	archiveVersion = 1;
	classes = {
	};
	objectVersion = 56;
	objects = {

/* Begin PBXBuildFile section */
		8021F5112C517E1F004AFCEC /* FitDataApp.swift in Sources */ = {isa = PBXBuildFile; fileRef = 8021F5102C517E1F004AFCEC /* FitDataApp.swift */; };
		8021F5132C517E1F004AFCEC /* ContentView.swift in Sources */ = {isa = PBXBuildFile; fileRef = 8021F5122C517E1F004AFCEC /* ContentView.swift */; };
		8021F5152C517E24004AFCEC /* Assets.xcassets in Resources */ = {isa = PBXBuildFile; fileRef = 8021F5142C517E24004AFCEC /* Assets.xcassets */; };
		8021F5182C517E24004AFCEC /* Preview Assets.xcassets in Resources */ = {isa = PBXBuildFile; fileRef = 8021F5172C517E24004AFCEC /* Preview Assets.xcassets */; };
		8021F51F2C519642004AFCEC /* FitTabView.swift in Sources */ = {isa = PBXBuildFile; fileRef = 8021F51E2C519642004AFCEC /* FitTabView.swift */; };
		8021F5212C519767004AFCEC /* HomeView.swift in Sources */ = {isa = PBXBuildFile; fileRef = 8021F5202C519767004AFCEC /* HomeView.swift */; };
		8021F5232C5197F1004AFCEC /* HistoricDataView.swift in Sources */ = {isa = PBXBuildFile; fileRef = 8021F5222C5197F1004AFCEC /* HistoricDataView.swift */; };
		8021F5252C52D3C6004AFCEC /* ProgressCircleView.swift in Sources */ = {isa = PBXBuildFile; fileRef = 8021F5242C52D3C6004AFCEC /* ProgressCircleView.swift */; };
		8021F5282C5C9C6F004AFCEC /* ActivityCard.swift in Sources */ = {isa = PBXBuildFile; fileRef = 8021F5272C5C9C6F004AFCEC /* ActivityCard.swift */; };
		8021F52A2C5D7445004AFCEC /* WorkoutCard.swift in Sources */ = {isa = PBXBuildFile; fileRef = 8021F5292C5D7445004AFCEC /* WorkoutCard.swift */; };
/* End PBXBuildFile section */

/* Begin PBXFileReference section */
		8021F50D2C517E1F004AFCEC /* FitData.app */ = {isa = PBXFileReference; explicitFileType = wrapper.application; includeInIndex = 0; path = FitData.app; sourceTree = BUILT_PRODUCTS_DIR; };
		8021F5102C517E1F004AFCEC /* FitDataApp.swift */ = {isa = PBXFileReference; lastKnownFileType = sourcecode.swift; path = FitDataApp.swift; sourceTree = "<group>"; };
		8021F5122C517E1F004AFCEC /* ContentView.swift */ = {isa = PBXFileReference; lastKnownFileType = sourcecode.swift; path = ContentView.swift; sourceTree = "<group>"; };
		8021F5142C517E24004AFCEC /* Assets.xcassets */ = {isa = PBXFileReference; lastKnownFileType = folder.assetcatalog; path = Assets.xcassets; sourceTree = "<group>"; };
		8021F5172C517E24004AFCEC /* Preview Assets.xcassets */ = {isa = PBXFileReference; lastKnownFileType = folder.assetcatalog; path = "Preview Assets.xcassets"; sourceTree = "<group>"; };
		8021F51E2C519642004AFCEC /* FitTabView.swift */ = {isa = PBXFileReference; lastKnownFileType = sourcecode.swift; path = FitTabView.swift; sourceTree = "<group>"; };
		8021F5202C519767004AFCEC /* HomeView.swift */ = {isa = PBXFileReference; lastKnownFileType = sourcecode.swift; name = HomeView.swift; path = ../HomeView.swift; sourceTree = "<group>"; };
		8021F5222C5197F1004AFCEC /* HistoricDataView.swift */ = {isa = PBXFileReference; lastKnownFileType = sourcecode.swift; path = HistoricDataView.swift; sourceTree = "<group>"; };
		8021F5242C52D3C6004AFCEC /* ProgressCircleView.swift */ = {isa = PBXFileReference; lastKnownFileType = sourcecode.swift; name = ProgressCircleView.swift; path = ../ProgressCircleView.swift; sourceTree = "<group>"; };
		8021F5272C5C9C6F004AFCEC /* ActivityCard.swift */ = {isa = PBXFileReference; lastKnownFileType = sourcecode.swift; path = ActivityCard.swift; sourceTree = "<group>"; };
		8021F5292C5D7445004AFCEC /* WorkoutCard.swift */ = {isa = PBXFileReference; lastKnownFileType = sourcecode.swift; path = WorkoutCard.swift; sourceTree = "<group>"; };
/* End PBXFileReference section */

/* Begin PBXFrameworksBuildPhase section */
		8021F50A2C517E1F004AFCEC /* Frameworks */ = {
			isa = PBXFrameworksBuildPhase;
			buildActionMask = 2147483647;
			files = (
			);
			runOnlyForDeploymentPostprocessing = 0;
		};
/* End PBXFrameworksBuildPhase section */

/* Begin PBXGroup section */
		8021F5042C517E1F004AFCEC = {
			isa = PBXGroup;
			children = (
				8021F50F2C517E1F004AFCEC /* FitData */,
				8021F50E2C517E1F004AFCEC /* Products */,
			);
			sourceTree = "<group>";
		};
		8021F50E2C517E1F004AFCEC /* Products */ = {
			isa = PBXGroup;
			children = (
				8021F50D2C517E1F004AFCEC /* FitData.app */,
			);
			name = Products;
			sourceTree = "<group>";
		};
		8021F50F2C517E1F004AFCEC /* FitData */ = {
			isa = PBXGroup;
			children = (
				8021F5262C5C9C1E004AFCEC /* New Group */,
				8021F5102C517E1F004AFCEC /* FitDataApp.swift */,
				8021F5122C517E1F004AFCEC /* ContentView.swift */,
				8021F51E2C519642004AFCEC /* FitTabView.swift */,
				8021F5222C5197F1004AFCEC /* HistoricDataView.swift */,
				8021F5142C517E24004AFCEC /* Assets.xcassets */,
				8021F5162C517E24004AFCEC /* Preview Content */,
			);
			path = FitData;
			sourceTree = "<group>";
		};
		8021F5162C517E24004AFCEC /* Preview Content */ = {
			isa = PBXGroup;
			children = (
				8021F5172C517E24004AFCEC /* Preview Assets.xcassets */,
			);
			path = "Preview Content";
			sourceTree = "<group>";
		};
		8021F5262C5C9C1E004AFCEC /* New Group */ = {
			isa = PBXGroup;
			children = (
				8021F5242C52D3C6004AFCEC /* ProgressCircleView.swift */,
				8021F5202C519767004AFCEC /* HomeView.swift */,
				8021F5292C5D7445004AFCEC /* WorkoutCard.swift */,
				8021F5272C5C9C6F004AFCEC /* ActivityCard.swift */,
			);
			path = "New Group";
			sourceTree = "<group>";
		};
/* End PBXGroup section */

/* Begin PBXNativeTarget section */
		8021F50C2C517E1F004AFCEC /* FitData */ = {
			isa = PBXNativeTarget;
			buildConfigurationList = 8021F51B2C517E24004AFCEC /* Build configuration list for PBXNativeTarget "FitData" */;
			buildPhases = (
				8021F5092C517E1F004AFCEC /* Sources */,
				8021F50A2C517E1F004AFCEC /* Frameworks */,
				8021F50B2C517E1F004AFCEC /* Resources */,
			);
			buildRules = (
			);
			dependencies = (
			);
			name = FitData;
			productName = FitData;
			productReference = 8021F50D2C517E1F004AFCEC /* FitData.app */;
			productType = "com.apple.product-type.application";
		};
/* End PBXNativeTarget section */

/* Begin PBXProject section */
		8021F5052C517E1F004AFCEC /* Project object */ = {
			isa = PBXProject;
			attributes = {
				BuildIndependentTargetsInParallel = 1;
				LastSwiftUpdateCheck = 1540;
				LastUpgradeCheck = 1540;
				TargetAttributes = {
					8021F50C2C517E1F004AFCEC = {
						CreatedOnToolsVersion = 15.4;
					};
				};
			};
			buildConfigurationList = 8021F5082C517E1F004AFCEC /* Build configuration list for PBXProject "FitData" */;
			compatibilityVersion = "Xcode 14.0";
			developmentRegion = en;
			hasScannedForEncodings = 0;
			knownRegions = (
				en,
				Base,
			);
			mainGroup = 8021F5042C517E1F004AFCEC;
			productRefGroup = 8021F50E2C517E1F004AFCEC /* Products */;
			projectDirPath = "";
			projectRoot = "";
			targets = (
				8021F50C2C517E1F004AFCEC /* FitData */,
			);
		};
/* End PBXProject section */

/* Begin PBXResourcesBuildPhase section */
		8021F50B2C517E1F004AFCEC /* Resources */ = {
			isa = PBXResourcesBuildPhase;
			buildActionMask = 2147483647;
			files = (
				8021F5182C517E24004AFCEC /* Preview Assets.xcassets in Resources */,
				8021F5152C517E24004AFCEC /* Assets.xcassets in Resources */,
			);
			runOnlyForDeploymentPostprocessing = 0;
		};
/* End PBXResourcesBuildPhase section */

/* Begin PBXSourcesBuildPhase section */
		8021F5092C517E1F004AFCEC /* Sources */ = {
			isa = PBXSourcesBuildPhase;
			buildActionMask = 2147483647;
			files = (
				8021F5132C517E1F004AFCEC /* ContentView.swift in Sources */,
				8021F52A2C5D7445004AFCEC /* WorkoutCard.swift in Sources */,
				8021F5252C52D3C6004AFCEC /* ProgressCircleView.swift in Sources */,
				8021F5212C519767004AFCEC /* HomeView.swift in Sources */,
				8021F5232C5197F1004AFCEC /* HistoricDataView.swift in Sources */,
				8021F5112C517E1F004AFCEC /* FitDataApp.swift in Sources */,
				8021F5282C5C9C6F004AFCEC /* ActivityCard.swift in Sources */,
				8021F51F2C519642004AFCEC /* FitTabView.swift in Sources */,
			);
			runOnlyForDeploymentPostprocessing = 0;
		};
/* End PBXSourcesBuildPhase section */

/* Begin XCBuildConfiguration section */
		8021F5192C517E24004AFCEC /* Debug */ = {
			isa = XCBuildConfiguration;
			buildSettings = {
				ALWAYS_SEARCH_USER_PATHS = NO;
				ASSETCATALOG_COMPILER_GENERATE_SWIFT_ASSET_SYMBOL_EXTENSIONS = YES;
				CLANG_ANALYZER_NONNULL = YES;
				CLANG_ANALYZER_NUMBER_OBJECT_CONVERSION = YES_AGGRESSIVE;
				CLANG_CXX_LANGUAGE_STANDARD = "gnu++20";
				CLANG_ENABLE_MODULES = YES;
				CLANG_ENABLE_OBJC_ARC = YES;
				CLANG_ENABLE_OBJC_WEAK = YES;
				CLANG_WARN_BLOCK_CAPTURE_AUTORELEASING = YES;
				CLANG_WARN_BOOL_CONVERSION = YES;
				CLANG_WARN_COMMA = YES;
				CLANG_WARN_CONSTANT_CONVERSION = YES;
				CLANG_WARN_DEPRECATED_OBJC_IMPLEMENTATIONS = YES;
				CLANG_WARN_DIRECT_OBJC_ISA_USAGE = YES_ERROR;
				CLANG_WARN_DOCUMENTATION_COMMENTS = YES;
				CLANG_WARN_EMPTY_BODY = YES;
				CLANG_WARN_ENUM_CONVERSION = YES;
				CLANG_WARN_INFINITE_RECURSION = YES;
				CLANG_WARN_INT_CONVERSION = YES;
				CLANG_WARN_NON_LITERAL_NULL_CONVERSION = YES;
				CLANG_WARN_OBJC_IMPLICIT_RETAIN_SELF = YES;
				CLANG_WARN_OBJC_LITERAL_CONVERSION = YES;
				CLANG_WARN_OBJC_ROOT_CLASS = YES_ERROR;
				CLANG_WARN_QUOTED_INCLUDE_IN_FRAMEWORK_HEADER = YES;
				CLANG_WARN_RANGE_LOOP_ANALYSIS = YES;
				CLANG_WARN_STRICT_PROTOTYPES = YES;
				CLANG_WARN_SUSPICIOUS_MOVE = YES;
				CLANG_WARN_UNGUARDED_AVAILABILITY = YES_AGGRESSIVE;
				CLANG_WARN_UNREACHABLE_CODE = YES;
				CLANG_WARN__DUPLICATE_METHOD_MATCH = YES;
				COPY_PHASE_STRIP = NO;
				DEBUG_INFORMATION_FORMAT = dwarf;
				ENABLE_STRICT_OBJC_MSGSEND = YES;
				ENABLE_TESTABILITY = YES;
				ENABLE_USER_SCRIPT_SANDBOXING = YES;
				GCC_C_LANGUAGE_STANDARD = gnu17;
				GCC_DYNAMIC_NO_PIC = NO;
				GCC_NO_COMMON_BLOCKS = YES;
				GCC_OPTIMIZATION_LEVEL = 0;
				GCC_PREPROCESSOR_DEFINITIONS = (
					"DEBUG=1",
					"$(inherited)",
				);
				GCC_WARN_64_TO_32_BIT_CONVERSION = YES;
				GCC_WARN_ABOUT_RETURN_TYPE = YES_ERROR;
				GCC_WARN_UNDECLARED_SELECTOR = YES;
				GCC_WARN_UNINITIALIZED_AUTOS = YES_AGGRESSIVE;
				GCC_WARN_UNUSED_FUNCTION = YES;
				GCC_WARN_UNUSED_VARIABLE = YES;
				IPHONEOS_DEPLOYMENT_TARGET = 17.5;
				LOCALIZATION_PREFERS_STRING_CATALOGS = YES;
				MTL_ENABLE_DEBUG_INFO = INCLUDE_SOURCE;
				MTL_FAST_MATH = YES;
				ONLY_ACTIVE_ARCH = YES;
				SDKROOT = iphoneos;
				SWIFT_ACTIVE_COMPILATION_CONDITIONS = "DEBUG $(inherited)";
				SWIFT_OPTIMIZATION_LEVEL = "-Onone";
			};
			name = Debug;
		};
		8021F51A2C517E24004AFCEC /* Release */ = {
			isa = XCBuildConfiguration;
			buildSettings = {
				ALWAYS_SEARCH_USER_PATHS = NO;
				ASSETCATALOG_COMPILER_GENERATE_SWIFT_ASSET_SYMBOL_EXTENSIONS = YES;
				CLANG_ANALYZER_NONNULL = YES;
				CLANG_ANALYZER_NUMBER_OBJECT_CONVERSION = YES_AGGRESSIVE;
				CLANG_CXX_LANGUAGE_STANDARD = "gnu++20";
				CLANG_ENABLE_MODULES = YES;
				CLANG_ENABLE_OBJC_ARC = YES;
				CLANG_ENABLE_OBJC_WEAK = YES;
				CLANG_WARN_BLOCK_CAPTURE_AUTORELEASING = YES;
				CLANG_WARN_BOOL_CONVERSION = YES;
				CLANG_WARN_COMMA = YES;
				CLANG_WARN_CONSTANT_CONVERSION = YES;
				CLANG_WARN_DEPRECATED_OBJC_IMPLEMENTATIONS = YES;
				CLANG_WARN_DIRECT_OBJC_ISA_USAGE = YES_ERROR;
				CLANG_WARN_DOCUMENTATION_COMMENTS = YES;
				CLANG_WARN_EMPTY_BODY = YES;
				CLANG_WARN_ENUM_CONVERSION = YES;
				CLANG_WARN_INFINITE_RECURSION = YES;
				CLANG_WARN_INT_CONVERSION = YES;
				CLANG_WARN_NON_LITERAL_NULL_CONVERSION = YES;
				CLANG_WARN_OBJC_IMPLICIT_RETAIN_SELF = YES;
				CLANG_WARN_OBJC_LITERAL_CONVERSION = YES;
				CLANG_WARN_OBJC_ROOT_CLASS = YES_ERROR;
				CLANG_WARN_QUOTED_INCLUDE_IN_FRAMEWORK_HEADER = YES;
				CLANG_WARN_RANGE_LOOP_ANALYSIS = YES;
				CLANG_WARN_STRICT_PROTOTYPES = YES;
				CLANG_WARN_SUSPICIOUS_MOVE = YES;
				CLANG_WARN_UNGUARDED_AVAILABILITY = YES_AGGRESSIVE;
				CLANG_WARN_UNREACHABLE_CODE = YES;
				CLANG_WARN__DUPLICATE_METHOD_MATCH = YES;
				COPY_PHASE_STRIP = NO;
				DEBUG_INFORMATION_FORMAT = "dwarf-with-dsym";
				ENABLE_NS_ASSERTIONS = NO;
				ENABLE_STRICT_OBJC_MSGSEND = YES;
				ENABLE_USER_SCRIPT_SANDBOXING = YES;
				GCC_C_LANGUAGE_STANDARD = gnu17;
				GCC_NO_COMMON_BLOCKS = YES;
				GCC_WARN_64_TO_32_BIT_CONVERSION = YES;
				GCC_WARN_ABOUT_RETURN_TYPE = YES_ERROR;
				GCC_WARN_UNDECLARED_SELECTOR = YES;
				GCC_WARN_UNINITIALIZED_AUTOS = YES_AGGRESSIVE;
				GCC_WARN_UNUSED_FUNCTION = YES;
				GCC_WARN_UNUSED_VARIABLE = YES;
				IPHONEOS_DEPLOYMENT_TARGET = 17.5;
				LOCALIZATION_PREFERS_STRING_CATALOGS = YES;
				MTL_ENABLE_DEBUG_INFO = NO;
				MTL_FAST_MATH = YES;
				SDKROOT = iphoneos;
				SWIFT_COMPILATION_MODE = wholemodule;
				VALIDATE_PRODUCT = YES;
			};
			name = Release;
		};
		8021F51C2C517E24004AFCEC /* Debug */ = {
			isa = XCBuildConfiguration;
			buildSettings = {
				ASSETCATALOG_COMPILER_APPICON_NAME = AppIcon;
				ASSETCATALOG_COMPILER_GLOBAL_ACCENT_COLOR_NAME = AccentColor;
				CODE_SIGN_STYLE = Automatic;
				CURRENT_PROJECT_VERSION = 1;
				DEVELOPMENT_ASSET_PATHS = "\"FitData/Preview Content\"";
				DEVELOPMENT_TEAM = 7JY362U5F3;
				ENABLE_PREVIEWS = YES;
				GENERATE_INFOPLIST_FILE = YES;
				INFOPLIST_KEY_UIApplicationSceneManifest_Generation = YES;
				INFOPLIST_KEY_UIApplicationSupportsIndirectInputEvents = YES;
				INFOPLIST_KEY_UILaunchScreen_Generation = YES;
				INFOPLIST_KEY_UISupportedInterfaceOrientations_iPad = "UIInterfaceOrientationPortrait UIInterfaceOrientationPortraitUpsideDown UIInterfaceOrientationLandscapeLeft UIInterfaceOrientationLandscapeRight";
				INFOPLIST_KEY_UISupportedInterfaceOrientations_iPhone = "UIInterfaceOrientationPortrait UIInterfaceOrientationLandscapeLeft UIInterfaceOrientationLandscapeRight";
				LD_RUNPATH_SEARCH_PATHS = (
					"$(inherited)",
					"@executable_path/Frameworks",
				);
				MARKETING_VERSION = 1.0;
				PRODUCT_BUNDLE_IDENTIFIER = com.DevenAmador.FitData;
				PRODUCT_NAME = "$(TARGET_NAME)";
				SWIFT_EMIT_LOC_STRINGS = YES;
				SWIFT_VERSION = 5.0;
				TARGETED_DEVICE_FAMILY = "1,2";
			};
			name = Debug;
		};
		8021F51D2C517E24004AFCEC /* Release */ = {
			isa = XCBuildConfiguration;
			buildSettings = {
				ASSETCATALOG_COMPILER_APPICON_NAME = AppIcon;
				ASSETCATALOG_COMPILER_GLOBAL_ACCENT_COLOR_NAME = AccentColor;
				CODE_SIGN_STYLE = Automatic;
				CURRENT_PROJECT_VERSION = 1;
				DEVELOPMENT_ASSET_PATHS = "\"FitData/Preview Content\"";
				DEVELOPMENT_TEAM = 7JY362U5F3;
				ENABLE_PREVIEWS = YES;
				GENERATE_INFOPLIST_FILE = YES;
				INFOPLIST_KEY_UIApplicationSceneManifest_Generation = YES;
				INFOPLIST_KEY_UIApplicationSupportsIndirectInputEvents = YES;
				INFOPLIST_KEY_UILaunchScreen_Generation = YES;
				INFOPLIST_KEY_UISupportedInterfaceOrientations_iPad = "UIInterfaceOrientationPortrait UIInterfaceOrientationPortraitUpsideDown UIInterfaceOrientationLandscapeLeft UIInterfaceOrientationLandscapeRight";
				INFOPLIST_KEY_UISupportedInterfaceOrientations_iPhone = "UIInterfaceOrientationPortrait UIInterfaceOrientationLandscapeLeft UIInterfaceOrientationLandscapeRight";
				LD_RUNPATH_SEARCH_PATHS = (
					"$(inherited)",
					"@executable_path/Frameworks",
				);
				MARKETING_VERSION = 1.0;
				PRODUCT_BUNDLE_IDENTIFIER = com.DevenAmador.FitData;
				PRODUCT_NAME = "$(TARGET_NAME)";
				SWIFT_EMIT_LOC_STRINGS = YES;
				SWIFT_VERSION = 5.0;
				TARGETED_DEVICE_FAMILY = "1,2";
			};
			name = Release;
		};
/* End XCBuildConfiguration section */

/* Begin XCConfigurationList section */
		8021F5082C517E1F004AFCEC /* Build configuration list for PBXProject "FitData" */ = {
			isa = XCConfigurationList;
			buildConfigurations = (
				8021F5192C517E24004AFCEC /* Debug */,
				8021F51A2C517E24004AFCEC /* Release */,
			);
			defaultConfigurationIsVisible = 0;
			defaultConfigurationName = Release;
		};
		8021F51B2C517E24004AFCEC /* Build configuration list for PBXNativeTarget "FitData" */ = {
			isa = XCConfigurationList;
			buildConfigurations = (
				8021F51C2C517E24004AFCEC /* Debug */,
				8021F51D2C517E24004AFCEC /* Release */,
			);
			defaultConfigurationIsVisible = 0;
			defaultConfigurationName = Release;
		};
/* End XCConfigurationList section */
	};
	rootObject = 8021F5052C517E1F004AFCEC /* Project object */;
}
